{
  "name": "orbed",
  "version": "0.0.1",
  "lockfileVersion": 3,
  "requires": true,
  "packages": {
    "": {
      "name": "orbed",
      "version": "0.0.1",
      "dependencies": {
        "@ampcode/plugin": "0.0.0-20260923001649-g009f5d9",
        "@ampcode/sdk": "0.1.0-20260918210405-g81edbf0"
      },
      "bin": {
        "orbed": "dist/cli.js"
      },
      "devDependencies": {
        "@types/node": "^22.0.0",
        "typescript": "^5.9.3"
      },
      "engines": {
        "node": ">=22"
      }
    },
    "node_modules/@ampcode/cli": {
      "version": "0.0.1790179256-g22a153",
      "resolved": "https://registry.npmjs.org/@ampcode/cli/-/cli-0.0.1790179256-g22a153.tgz",
      "integrity": "sha512-Ee7n5L/6rFCg35VbBaIWwkBTxXw5KXfi/raAoFKdljuxqFhUfNIQf3Ft6GWJdccijVdo9vO7ciFhyrntYCIbpw==",
      "hasInstallScript": true,
      "license": "SEE LICENSE IN LICENSE.md",
      "bin": {
        "amp": "bin/amp.exe"
      },
      "optionalDependencies": {
        "@ampcode/cli-darwin-arm64": "0.0.1790179256-g22a153",
        "@ampcode/cli-darwin-x64": "0.0.1790179256-g22a153",
        "@ampcode/cli-linux-arm64": "0.0.1790179256-g22a153",
        "@ampcode/cli-linux-x64": "0.0.1790179256-g22a153",
        "@ampcode/cli-win32-x64": "0.0.1790179256-g22a153"
      }
    },
    "node_modules/@ampcode/cli-darwin-arm64": {
      "version": "0.0.1790179256-g22a153",
      "resolved": "https://registry.npmjs.org/@ampcode/cli-darwin-arm64/-/cli-darwin-arm64-0.0.1790179256-g22a153.tgz",
      "integrity": "sha512-TI9a7tD9f6JQluoA94LN7NTXrarIj2OHNkndJ0AMnRzXoXJMHP0WwWxHQXwfHIyDA5p5dES30rH9FXqzdEi86A==",
      "cpu": [
        "arm64"
      ],
      "license": "SEE LICENSE IN LICENSE.md",
      "optional": true,
      "os": [
        "darwin"
      ]
    },
    "node_modules/@ampcode/cli-darwin-x64": {
      "version": "0.0.1790179256-g22a153",
      "resolved": "https://registry.npmjs.org/@ampcode/cli-darwin-x64/-/cli-darwin-x64-0.0.1790179256-g22a153.tgz",
      "integrity": "sha512-x1q19CLxgBatM7YyFTxgS8kDP7w4oup2nrghWIIOoIuasC7U+uVakr1naQ2hTILRRqR5yrEFKWnRtK5lJEglkg==",
      "cpu": [
        "x64"
      ],
      "license": "SEE LICENSE IN LICENSE.md",
      "optional": true,
      "os": [
        "darwin"
      ]
    },
    "node_modules/@ampcode/cli-linux-arm64": {
      "version": "0.0.1790179256-g22a153",
      "resolved": "https://registry.npmjs.org/@ampcode/cli-linux-arm64/-/cli-linux-arm64-0.0.1790179256-g22a153.tgz",
      "integrity": "sha512-3M6Y1G38t2xfEUP4w+zr0KrU3Y5GEaYiATAJpqJeeXITwa8Pmcon/qHdd7QMbjXR93cqc5sS8MuZp9y/xXAJ2Q==",
      "cpu": [
        "arm64"
      ],
      "license": "SEE LICENSE IN LICENSE.md",
      "optional": true,
      "os": [
        "linux"
      ]
    },
    "node_modules/@ampcode/cli-linux-x64": {
      "version": "0.0.1790179256-g22a153",
      "resolved": "https://registry.npmjs.org/@ampcode/cli-linux-x64/-/cli-linux-x64-0.0.1790179256-g22a153.tgz",
      "integrity": "sha512-8yXKEUd2GTK4WuyC5CoftcRJWGQvRrfhF5/b0glMnM4BtCTzX4w2rwJgEYa6EnwBVkRG0uyNBMI8TvntHOeZ2w==",
      "cpu": [
        "x64"
      ],
      "license": "SEE LICENSE IN LICENSE.md",
      "optional": true,
      "os": [
        "linux"
      ]
    },
    "node_modules/@ampcode/cli-win32-x64": {
      "version": "0.0.1790179256-g22a153",
      "resolved": "https://registry.npmjs.org/@ampcode/cli-win32-x64/-/cli-win32-x64-0.0.1790179256-g22a153.tgz",
      "integrity": "sha512-VKq2Ugnj1TwX3Db6f8nII/VWoxcDz40VtbUvgE7dBQuxTsdkE/RDLkS2wXZyOJNxlT7MaV/KwVniZbByKkJvQQ==",
      "cpu": [
        "x64"
      ],
      "license": "SEE LICENSE IN LICENSE.md",
      "optional": true,
      "os": [
        "win32"
      ]
    },
    "node_modules/@ampcode/plugin": {
      "version": "0.0.0-20260923001649-g009f5d9",
      "resolved": "https://registry.npmjs.org/@ampcode/plugin/-/plugin-0.0.0-20260923001649-g009f5d9.tgz",
      "integrity": "sha512-XSvgd3xHjHOIQilrBUj7pwsK5us4KcTk03yoVwaEOnXURn3mnxIiNpcSRMRl7LDQVAfvHDybgBo0tssSR3ElKQ=="
    },
    "node_modules/@ampcode/sdk": {
      "version": "0.1.0-20260918210405-g81edbf0",
      "resolved": "https://registry.npmjs.org/@ampcode/sdk/-/sdk-0.1.0-20260918210405-g81edbf0.tgz",
      "integrity": "sha512-OQDZ70FCAOcRTxCLO5gU+gDZDXFWTG16C0bdx9w41s9PrXhu/DU/bEvjvJSTdvs+PJGFhMbRv65dd8/pfbtrlg==",
      "license": "Amp Commercial License",
      "dependencies": {
        "@ampcode/cli": "latest",
        "zod": "^3.23.8"
      },
      "bin": {
        "amp-sdk": "bin/amp-sdk.js"
      },
      "engines": {
        "node": ">=18"
      }
    },
    "node_modules/@types/node": {
      "version": "22.20.4",
      "resolved": "https://registry.npmjs.org/@types/node/-/node-22.20.4.tgz",
      "integrity": "sha512-zJRE40jpHtKqE/C4fgHrAKQLJuSpzEnP9ff9Y7YtoR3Wd2pwqzlekDeEuUQXjRd+QCYnVnNwuJYmhdk9XV8gvA==",
      "dev": true,
      "license": "MIT",
      "dependencies": {
        "undici-types": "~6.21.0"
      }
    },
    "node_modules/typescript": {
      "version": "5.9.3",
      "resolved": "https://registry.npmjs.org/typescript/-/typescript-5.9.3.tgz",
      "integrity": "sha512-jl1vZzPDinLr9eUt3J/t7V6FgNEw9QjvBPdysz9KfQDD41fQrC2Y4vKQdiaUpFT4bXlb1RHhLpp8wtm6M5TgSw==",
      "dev": true,
      "license": "Apache-2.0",
      "bin": {
        "tsc": "bin/tsc",
        "tsserver": "bin/tsserver"
      },
      "engines": {
        "node": ">=14.17"
      }
    },
    "node_modules/undici-types": {
      "version": "6.21.0",
      "resolved": "https://registry.npmjs.org/undici-types/-/undici-types-6.21.0.tgz",
      "integrity": "sha512-iwDZqg0QAGrg9Rav5H4n0M64c3mkR59cJ6wQp+7C4nI0gsmExaedaYLNO44eT4AtBBwjbTiGPMlt2Md0T9H9JQ==",
      "dev": true,
      "license": "MIT"
    },
    "node_modules/zod": {
      "version": "3.25.76",
      "resolved": "https://registry.npmjs.org/zod/-/zod-3.25.76.tgz",
      "integrity": "sha512-gzUt/qt81nXsFGKIFcC3YnfEAx5NkunCfnDlvuBSSFS02bcXu4Lmea0AFIUwbLWxWPx3d9p8S5QoaujKcNQxcQ==",
      "license": "MIT",
      "funding": {
        "url": "https://github.com/sponsors/colinhacks"
      }
    }
  }
}
